
Microsoft Visual Studio Solution File, Format Version 12.00
# Visual Studio Version 17
VisualStudioVersion = 17.14.36310.24 d17.14
MinimumVisualStudioVersion = 10.0.40219.1
Project("{FAE04EC0-301F-11D3-BF4B-00C04F79EFBC}") = "InventoryManagementApi", "InventoryManagementApi\InventoryManagementApi.csproj", "{B8546D46-F016-47EF-8EE4-AA667A2911D3}"
EndProject
Project("{FAE04EC0-301F-11D3-BF4B-00C04F79EFBC}") = "BLL", "BLL\BLL.csproj", "{F041A575-308A-4D01-853C-428281613ABE}"
EndProject
Project("{FAE04EC0-301F-11D3-BF4B-00C04F79EFBC}") = "DAL", "DAL\DAL.csproj", "{6EC0FCF2-A451-446F-9984-3FAF53D21668}"
EndProject
Global
	GlobalSection(SolutionConfigurationPlatforms) = preSolution
		Debug|Any CPU = Debug|Any CPU
		Release|Any CPU = Release|Any CPU
	EndGlobalSection
	GlobalSection(ProjectConfigurationPlatforms) = postSolution
		{B8546D46-F016-47EF-8EE4-AA667A2911D3}.Debug|Any CPU.ActiveCfg = Debug|Any CPU
		{B8546D46-F016-47EF-8EE4-AA667A2911D3}.Debug|Any CPU.Build.0 = Debug|Any CPU
		{B8546D46-F016-47EF-8EE4-AA667A2911D3}.Release|Any CPU.ActiveCfg = Release|Any CPU
		{B8546D46-F016-47EF-8EE4-AA667A2911D3}.Release|Any CPU.Build.0 = Release|Any CPU
		{F041A575-308A-4D01-853C-428281613ABE}.Debug|Any CPU.ActiveCfg = Debug|Any CPU
		{F041A575-308A-4D01-853C-428281613ABE}.Debug|Any CPU.Build.0 = Debug|Any CPU
		{F041A575-308A-4D01-853C-428281613ABE}.Release|Any CPU.ActiveCfg = Release|Any CPU
		{F041A575-308A-4D01-853C-428281613ABE}.Release|Any CPU.Build.0 = Release|Any CPU
		{6EC0FCF2-A451-446F-9984-3FAF53D21668}.Debug|Any CPU.ActiveCfg = Debug|Any CPU
		{6EC0FCF2-A451-446F-9984-3FAF53D21668}.Debug|Any CPU.Build.0 = Debug|Any CPU
		{6EC0FCF2-A451-446F-9984-3FAF53D21668}.Release|Any CPU.ActiveCfg = Release|Any CPU
		{6EC0FCF2-A451-446F-9984-3FAF53D21668}.Release|Any CPU.Build.0 = Release|Any CPU
	EndGlobalSection
	GlobalSection(SolutionProperties) = preSolution
		HideSolutionNode = FALSE
	EndGlobalSection
	GlobalSection(ExtensibilityGlobals) = postSolution
		SolutionGuid = {A11D0B48-8109-4EC6-8697-4952B48AB104}
	EndGlobalSection
EndGlobal
